
Microsoft Visual Studio Solution File, Format Version 12.00
# Visual Studio Version 16
VisualStudioVersion = 16.6.30114.105
MinimumVisualStudioVersion = 10.0.40219.1
Project("{2150E333-8FDC-42A3-9474-1A3956D46DE8}") = "src", "src", "{67150C9E-3BB4-433A-839C-CDB6993238E4}"
EndProject
Project("{FAE04EC0-301F-11D3-BF4B-00C04F79EFBC}") = "CommandAPI", "src\CommandAPI\CommandAPI.csproj", "{8ECC0C03-B992-4EDE-85D2-7F79250FE7E9}"
EndProject
Project("{2150E333-8FDC-42A3-9474-1A3956D46DE8}") = "test", "test", "{EE564663-42CE-4B3D-8FD8-408C7D59B28D}"
EndProject
Project("{FAE04EC0-301F-11D3-BF4B-00C04F79EFBC}") = "CommandAPI.Tests", "test\CommandAPI.Tests\CommandAPI.Tests.csproj", "{D0321BD3-2330-496D-AEF8-D5106E106877}"
EndProject
Global
	GlobalSection(SolutionConfigurationPlatforms) = preSolution
		Debug|Any CPU = Debug|Any CPU
		Debug|x64 = Debug|x64
		Debug|x86 = Debug|x86
		Release|Any CPU = Release|Any CPU
		Release|x64 = Release|x64
		Release|x86 = Release|x86
	EndGlobalSection
	GlobalSection(SolutionProperties) = preSolution
		HideSolutionNode = FALSE
	EndGlobalSection
	GlobalSection(ProjectConfigurationPlatforms) = postSolution
		{8ECC0C03-B992-4EDE-85D2-7F79250FE7E9}.Debug|Any CPU.ActiveCfg = Debug|Any CPU
		{8ECC0C03-B992-4EDE-85D2-7F79250FE7E9}.Debug|Any CPU.Build.0 = Debug|Any CPU
		{8ECC0C03-B992-4EDE-85D2-7F79250FE7E9}.Debug|x64.ActiveCfg = Debug|Any CPU
		{8ECC0C03-B992-4EDE-85D2-7F79250FE7E9}.Debug|x64.Build.0 = Debug|Any CPU
		{8ECC0C03-B992-4EDE-85D2-7F79250FE7E9}.Debug|x86.ActiveCfg = Debug|Any CPU
		{8ECC0C03-B992-4EDE-85D2-7F79250FE7E9}.Debug|x86.Build.0 = Debug|Any CPU
		{8ECC0C03-B992-4EDE-85D2-7F79250FE7E9}.Release|Any CPU.ActiveCfg = Release|Any CPU
		{8ECC0C03-B992-4EDE-85D2-7F79250FE7E9}.Release|Any CPU.Build.0 = Release|Any CPU
		{8ECC0C03-B992-4EDE-85D2-7F79250FE7E9}.Release|x64.ActiveCfg = Release|Any CPU
		{8ECC0C03-B992-4EDE-85D2-7F79250FE7E9}.Release|x64.Build.0 = Release|Any CPU
		{8ECC0C03-B992-4EDE-85D2-7F79250FE7E9}.Release|x86.ActiveCfg = Release|Any CPU
		{8ECC0C03-B992-4EDE-85D2-7F79250FE7E9}.Release|x86.Build.0 = Release|Any CPU
		{D0321BD3-2330-496D-AEF8-D5106E106877}.Debug|Any CPU.ActiveCfg = Debug|Any CPU
		{D0321BD3-2330-496D-AEF8-D5106E106877}.Debug|Any CPU.Build.0 = Debug|Any CPU
		{D0321BD3-2330-496D-AEF8-D5106E106877}.Debug|x64.ActiveCfg = Debug|Any CPU
		{D0321BD3-2330-496D-AEF8-D5106E106877}.Debug|x64.Build.0 = Debug|Any CPU
		{D0321BD3-2330-496D-AEF8-D5106E106877}.Debug|x86.ActiveCfg = Debug|Any CPU
		{D0321BD3-2330-496D-AEF8-D5106E106877}.Debug|x86.Build.0 = Debug|Any CPU
		{D0321BD3-2330-496D-AEF8-D5106E106877}.Release|Any CPU.ActiveCfg = Release|Any CPU
		{D0321BD3-2330-496D-AEF8-D5106E106877}.Release|Any CPU.Build.0 = Release|Any CPU
		{D0321BD3-2330-496D-AEF8-D5106E106877}.Release|x64.ActiveCfg = Release|Any CPU
		{D0321BD3-2330-496D-AEF8-D5106E106877}.Release|x64.Build.0 = Release|Any CPU
		{D0321BD3-2330-496D-AEF8-D5106E106877}.Release|x86.ActiveCfg = Release|Any CPU
		{D0321BD3-2330-496D-AEF8-D5106E106877}.Release|x86.Build.0 = Release|Any CPU
	EndGlobalSection
	GlobalSection(NestedProjects) = preSolution
		{8ECC0C03-B992-4EDE-85D2-7F79250FE7E9} = {67150C9E-3BB4-433A-839C-CDB6993238E4}
		{D0321BD3-2330-496D-AEF8-D5106E106877} = {EE564663-42CE-4B3D-8FD8-408C7D59B28D}
	EndGlobalSection
EndGlobal
